
Microsoft Visual Studio Solution File, Format Version 12.00
# Visual Studio Version 17
VisualStudioVersion = 17.6.33801.468
MinimumVisualStudioVersion = 10.0.40219.1
Project("{FAE04EC0-301F-11D3-BF4B-00C04F79EFBC}") = "MvcLivros", "MvcLivros\MvcLivros.csproj", "{2C705FCF-A7D4-4828-9935-B4B7D291DBAF}"
EndProject
Global
	GlobalSection(SolutionConfigurationPlatforms) = preSolution
		Debug|Any CPU = Debug|Any CPU
		Release|Any CPU = Release|Any CPU
	EndGlobalSection
	GlobalSection(ProjectConfigurationPlatforms) = postSolution
		{2C705FCF-A7D4-4828-9935-B4B7D291DBAF}.Debug|Any CPU.ActiveCfg = Debug|Any CPU
		{2C705FCF-A7D4-4828-9935-B4B7D291DBAF}.Debug|Any CPU.Build.0 = Debug|Any CPU
		{2C705FCF-A7D4-4828-9935-B4B7D291DBAF}.Release|Any CPU.ActiveCfg = Release|Any CPU
		{2C705FCF-A7D4-4828-9935-B4B7D291DBAF}.Release|Any CPU.Build.0 = Release|Any CPU
	EndGlobalSection
	GlobalSection(SolutionProperties) = preSolution
		HideSolutionNode = FALSE
	EndGlobalSection
	GlobalSection(ExtensibilityGlobals) = postSolution
		SolutionGuid = {C74A4418-DDC0-4DC7-BF0F-EA434AB9000C}
	EndGlobalSection
EndGlobal
